
Microsoft Visual Studio Solution File, Format Version 12.00
# Visual Studio 14
VisualStudioVersion = 14.0.25420.1
MinimumVisualStudioVersion = 10.0.40219.1
Project("{FAE04EC0-301F-11D3-BF4B-00C04F79EFBC}") = "Core.Negocio", "Core.Negocio\Core.Negocio.csproj", "{BECCAE7D-1427-4423-80BD-2382210A9618}"
EndProject
Project("{FAE04EC0-301F-11D3-BF4B-00C04F79EFBC}") = "Core.Servicios", "Core.Servicios\Core.Servicios.csproj", "{F6E1D3E7-40AA-4141-8448-8F50EA278956}"
EndProject
Project("{FAE04EC0-301F-11D3-BF4B-00C04F79EFBC}") = "QOfreces.WPF", "QOfreces.WPF\QOfreces.WPF.csproj", "{654168E2-2676-4979-B632-A7957E98A6F6}"
	ProjectSection(ProjectDependencies) = postProject
		{F6E1D3E7-40AA-4141-8448-8F50EA278956} = {F6E1D3E7-40AA-4141-8448-8F50EA278956}
	EndProjectSection
EndProject
Project("{FAE04EC0-301F-11D3-BF4B-00C04F79EFBC}") = "Core.DALC", "Core.DALC\Core.DALC.csproj", "{D0A72252-BC39-4345-B6AC-F3DCBC81179B}"
EndProject
Project("{F14B399A-7131-4C87-9E4B-1186C45EF12D}") = "ReportingService", "ReportingService\ReportingService.rptproj", "{6533EC36-9188-4300-8ACB-BD671779F451}"
EndProject
Global
	GlobalSection(SolutionConfigurationPlatforms) = preSolution
		Debug|Any CPU = Debug|Any CPU
		DebugLocal|Any CPU = DebugLocal|Any CPU
		Release|Any CPU = Release|Any CPU
	EndGlobalSection
	GlobalSection(ProjectConfigurationPlatforms) = postSolution
		{BECCAE7D-1427-4423-80BD-2382210A9618}.Debug|Any CPU.ActiveCfg = Debug|Any CPU
		{BECCAE7D-1427-4423-80BD-2382210A9618}.Debug|Any CPU.Build.0 = Debug|Any CPU
		{BECCAE7D-1427-4423-80BD-2382210A9618}.DebugLocal|Any CPU.ActiveCfg = Debug|Any CPU
		{BECCAE7D-1427-4423-80BD-2382210A9618}.DebugLocal|Any CPU.Build.0 = Debug|Any CPU
		{BECCAE7D-1427-4423-80BD-2382210A9618}.Release|Any CPU.ActiveCfg = Release|Any CPU
		{BECCAE7D-1427-4423-80BD-2382210A9618}.Release|Any CPU.Build.0 = Release|Any CPU
		{F6E1D3E7-40AA-4141-8448-8F50EA278956}.Debug|Any CPU.ActiveCfg = Debug|Any CPU
		{F6E1D3E7-40AA-4141-8448-8F50EA278956}.Debug|Any CPU.Build.0 = Debug|Any CPU
		{F6E1D3E7-40AA-4141-8448-8F50EA278956}.DebugLocal|Any CPU.ActiveCfg = Debug|Any CPU
		{F6E1D3E7-40AA-4141-8448-8F50EA278956}.DebugLocal|Any CPU.Build.0 = Debug|Any CPU
		{F6E1D3E7-40AA-4141-8448-8F50EA278956}.Release|Any CPU.ActiveCfg = Release|Any CPU
		{F6E1D3E7-40AA-4141-8448-8F50EA278956}.Release|Any CPU.Build.0 = Release|Any CPU
		{654168E2-2676-4979-B632-A7957E98A6F6}.Debug|Any CPU.ActiveCfg = Debug|Any CPU
		{654168E2-2676-4979-B632-A7957E98A6F6}.Debug|Any CPU.Build.0 = Debug|Any CPU
		{654168E2-2676-4979-B632-A7957E98A6F6}.DebugLocal|Any CPU.ActiveCfg = Debug|Any CPU
		{654168E2-2676-4979-B632-A7957E98A6F6}.DebugLocal|Any CPU.Build.0 = Debug|Any CPU
		{654168E2-2676-4979-B632-A7957E98A6F6}.Release|Any CPU.ActiveCfg = Release|Any CPU
		{654168E2-2676-4979-B632-A7957E98A6F6}.Release|Any CPU.Build.0 = Release|Any CPU
		{D0A72252-BC39-4345-B6AC-F3DCBC81179B}.Debug|Any CPU.ActiveCfg = Debug|Any CPU
		{D0A72252-BC39-4345-B6AC-F3DCBC81179B}.Debug|Any CPU.Build.0 = Debug|Any CPU
		{D0A72252-BC39-4345-B6AC-F3DCBC81179B}.DebugLocal|Any CPU.ActiveCfg = Debug|Any CPU
		{D0A72252-BC39-4345-B6AC-F3DCBC81179B}.DebugLocal|Any CPU.Build.0 = Debug|Any CPU
		{D0A72252-BC39-4345-B6AC-F3DCBC81179B}.Release|Any CPU.ActiveCfg = Release|Any CPU
		{D0A72252-BC39-4345-B6AC-F3DCBC81179B}.Release|Any CPU.Build.0 = Release|Any CPU
		{6533EC36-9188-4300-8ACB-BD671779F451}.Debug|Any CPU.ActiveCfg = Debug
		{6533EC36-9188-4300-8ACB-BD671779F451}.Debug|Any CPU.Build.0 = Debug
		{6533EC36-9188-4300-8ACB-BD671779F451}.Debug|Any CPU.Deploy.0 = Debug
		{6533EC36-9188-4300-8ACB-BD671779F451}.DebugLocal|Any CPU.ActiveCfg = DebugLocal
		{6533EC36-9188-4300-8ACB-BD671779F451}.DebugLocal|Any CPU.Build.0 = DebugLocal
		{6533EC36-9188-4300-8ACB-BD671779F451}.Release|Any CPU.ActiveCfg = Release
		{6533EC36-9188-4300-8ACB-BD671779F451}.Release|Any CPU.Build.0 = Release
		{6533EC36-9188-4300-8ACB-BD671779F451}.Release|Any CPU.Deploy.0 = Release
	EndGlobalSection
	GlobalSection(SolutionProperties) = preSolution
		HideSolutionNode = FALSE
	EndGlobalSection
EndGlobal
